// !$*UTF8*$!
{
	archiveVersion = 1;
	classes = {
	};
	objectVersion = 56;
	objects = {

/* Begin PBXBuildFile section */
		08ABFE052BFBA6C40003B7BB /* AppDelegate.swift in Sources */ = {isa = PBXBuildFile; fileRef = 08ABFE042BFBA6C40003B7BB /* AppDelegate.swift */; };
		08ABFE072BFBA6C40003B7BB /* SceneDelegate.swift in Sources */ = {isa = PBXBuildFile; fileRef = 08ABFE062BFBA6C40003B7BB /* SceneDelegate.swift */; };
		08ABFE092BFBA6C40003B7BB /* ViewController.swift in Sources */ = {isa = PBXBuildFile; fileRef = 08ABFE082BFBA6C40003B7BB /* ViewController.swift */; };
		08ABFE0C2BFBA6C40003B7BB /* Main.storyboard in Resources */ = {isa = PBXBuildFile; fileRef = 08ABFE0A2BFBA6C40003B7BB /* Main.storyboard */; };
		08ABFE0F2BFBA6C40003B7BB /* Gamepedia.xcdatamodeld in Sources */ = {isa = PBXBuildFile; fileRef = 08ABFE0D2BFBA6C40003B7BB /* Gamepedia.xcdatamodeld */; };
		08ABFE112BFBA6C60003B7BB /* Assets.xcassets in Resources */ = {isa = PBXBuildFile; fileRef = 08ABFE102BFBA6C60003B7BB /* Assets.xcassets */; };
		08ABFE142BFBA6C60003B7BB /* LaunchScreen.storyboard in Resources */ = {isa = PBXBuildFile; fileRef = 08ABFE122BFBA6C60003B7BB /* LaunchScreen.storyboard */; };
		08ABFE1F2BFBA6C60003B7BB /* GamepediaTests.swift in Sources */ = {isa = PBXBuildFile; fileRef = 08ABFE1E2BFBA6C60003B7BB /* GamepediaTests.swift */; };
		08ABFE292BFBA6C60003B7BB /* GamepediaUITests.swift in Sources */ = {isa = PBXBuildFile; fileRef = 08ABFE282BFBA6C60003B7BB /* GamepediaUITests.swift */; };
		08ABFE2B2BFBA6C60003B7BB /* GamepediaUITestsLaunchTests.swift in Sources */ = {isa = PBXBuildFile; fileRef = 08ABFE2A2BFBA6C60003B7BB /* GamepediaUITestsLaunchTests.swift */; };
/* End PBXBuildFile section */

/* Begin PBXContainerItemProxy section */
		08ABFE1B2BFBA6C60003B7BB /* PBXContainerItemProxy */ = {
			isa = PBXContainerItemProxy;
			containerPortal = 08ABFDF92BFBA6C40003B7BB /* Project object */;
			proxyType = 1;
			remoteGlobalIDString = 08ABFE002BFBA6C40003B7BB;
			remoteInfo = Gamepedia;
		};
		08ABFE252BFBA6C60003B7BB /* PBXContainerItemProxy */ = {
			isa = PBXContainerItemProxy;
			containerPortal = 08ABFDF92BFBA6C40003B7BB /* Project object */;
			proxyType = 1;
			remoteGlobalIDString = 08ABFE002BFBA6C40003B7BB;
			remoteInfo = Gamepedia;
		};
/* End PBXContainerItemProxy section */

/* Begin PBXFileReference section */
		08ABFE012BFBA6C40003B7BB /* Gamepedia.app */ = {isa = PBXFileReference; explicitFileType = wrapper.application; includeInIndex = 0; path = Gamepedia.app; sourceTree = BUILT_PRODUCTS_DIR; };
		08ABFE042BFBA6C40003B7BB /* AppDelegate.swift */ = {isa = PBXFileReference; lastKnownFileType = sourcecode.swift; path = AppDelegate.swift; sourceTree = "<group>"; };
		08ABFE062BFBA6C40003B7BB /* SceneDelegate.swift */ = {isa = PBXFileReference; lastKnownFileType = sourcecode.swift; path = SceneDelegate.swift; sourceTree = "<group>"; };
		08ABFE082BFBA6C40003B7BB /* ViewController.swift */ = {isa = PBXFileReference; lastKnownFileType = sourcecode.swift; path = ViewController.swift; sourceTree = "<group>"; };
		08ABFE0B2BFBA6C40003B7BB /* Base */ = {isa = PBXFileReference; lastKnownFileType = file.storyboard; name = Base; path = Base.lproj/Main.storyboard; sourceTree = "<group>"; };
		08ABFE0E2BFBA6C40003B7BB /* Gamepedia.xcdatamodel */ = {isa = PBXFileReference; lastKnownFileType = wrapper.xcdatamodel; path = Gamepedia.xcdatamodel; sourceTree = "<group>"; };
		08ABFE102BFBA6C60003B7BB /* Assets.xcassets */ = {isa = PBXFileReference; lastKnownFileType = folder.assetcatalog; path = Assets.xcassets; sourceTree = "<group>"; };
		08ABFE132BFBA6C60003B7BB /* Base */ = {isa = PBXFileReference; lastKnownFileType = file.storyboard; name = Base; path = Base.lproj/LaunchScreen.storyboard; sourceTree = "<group>"; };
		08ABFE152BFBA6C60003B7BB /* Info.plist */ = {isa = PBXFileReference; lastKnownFileType = text.plist.xml; path = Info.plist; sourceTree = "<group>"; };
		08ABFE1A2BFBA6C60003B7BB /* GamepediaTests.xctest */ = {isa = PBXFileReference; explicitFileType = wrapper.cfbundle; includeInIndex = 0; path = GamepediaTests.xctest; sourceTree = BUILT_PRODUCTS_DIR; };
		08ABFE1E2BFBA6C60003B7BB /* GamepediaTests.swift */ = {isa = PBXFileReference; lastKnownFileType = sourcecode.swift; path = GamepediaTests.swift; sourceTree = "<group>"; };
		08ABFE242BFBA6C60003B7BB /* GamepediaUITests.xctest */ = {isa = PBXFileReference; explicitFileType = wrapper.cfbundle; includeInIndex = 0; path = GamepediaUITests.xctest; sourceTree = BUILT_PRODUCTS_DIR; };
		08ABFE282BFBA6C60003B7BB /* GamepediaUITests.swift */ = {isa = PBXFileReference; lastKnownFileType = sourcecode.swift; path = GamepediaUITests.swift; sourceTree = "<group>"; };
		08ABFE2A2BFBA6C60003B7BB /* GamepediaUITestsLaunchTests.swift */ = {isa = PBXFileReference; lastKnownFileType = sourcecode.swift; path = GamepediaUITestsLaunchTests.swift; sourceTree = "<group>"; };
/* End PBXFileReference section */

/* Begin PBXFrameworksBuildPhase section */
		08ABFDFE2BFBA6C40003B7BB /* Frameworks */ = {
			isa = PBXFrameworksBuildPhase;
			buildActionMask = 2147483647;
			files = (
			);
			runOnlyForDeploymentPostprocessing = 0;
		};
		08ABFE172BFBA6C60003B7BB /* Frameworks */ = {
			isa = PBXFrameworksBuildPhase;
			buildActionMask = 2147483647;
			files = (
			);
			runOnlyForDeploymentPostprocessing = 0;
		};
		08ABFE212BFBA6C60003B7BB /* Frameworks */ = {
			isa = PBXFrameworksBuildPhase;
			buildActionMask = 2147483647;
			files = (
			);
			runOnlyForDeploymentPostprocessing = 0;
		};
/* End PBXFrameworksBuildPhase section */

/* Begin PBXGroup section */
		08ABFDF82BFBA6C40003B7BB = {
			isa = PBXGroup;
			children = (
				08ABFE032BFBA6C40003B7BB /* Gamepedia */,
				08ABFE1D2BFBA6C60003B7BB /* GamepediaTests */,
				08ABFE272BFBA6C60003B7BB /* GamepediaUITests */,
				08ABFE022BFBA6C40003B7BB /* Products */,
			);
			sourceTree = "<group>";
		};
		08ABFE022BFBA6C40003B7BB /* Products */ = {
			isa = PBXGroup;
			children = (
				08ABFE012BFBA6C40003B7BB /* Gamepedia.app */,
				08ABFE1A2BFBA6C60003B7BB /* GamepediaTests.xctest */,
				08ABFE242BFBA6C60003B7BB /* GamepediaUITests.xctest */,
			);
			name = Products;
			sourceTree = "<group>";
		};
		08ABFE032BFBA6C40003B7BB /* Gamepedia */ = {
			isa = PBXGroup;
			children = (
				08ABFE042BFBA6C40003B7BB /* AppDelegate.swift */,
				08ABFE062BFBA6C40003B7BB /* SceneDelegate.swift */,
				08ABFE082BFBA6C40003B7BB /* ViewController.swift */,
				08ABFE0A2BFBA6C40003B7BB /* Main.storyboard */,
				08ABFE102BFBA6C60003B7BB /* Assets.xcassets */,
				08ABFE122BFBA6C60003B7BB /* LaunchScreen.storyboard */,
				08ABFE152BFBA6C60003B7BB /* Info.plist */,
				08ABFE0D2BFBA6C40003B7BB /* Gamepedia.xcdatamodeld */,
			);
			path = Gamepedia;
			sourceTree = "<group>";
		};
		08ABFE1D2BFBA6C60003B7BB /* GamepediaTests */ = {
			isa = PBXGroup;
			children = (
				08ABFE1E2BFBA6C60003B7BB /* GamepediaTests.swift */,
			);
			path = GamepediaTests;
			sourceTree = "<group>";
		};
		08ABFE272BFBA6C60003B7BB /* GamepediaUITests */ = {
			isa = PBXGroup;
			children = (
				08ABFE282BFBA6C60003B7BB /* GamepediaUITests.swift */,
				08ABFE2A2BFBA6C60003B7BB /* GamepediaUITestsLaunchTests.swift */,
			);
			path = GamepediaUITests;
			sourceTree = "<group>";
		};
/* End PBXGroup section */

/* Begin PBXNativeTarget section */
		08ABFE002BFBA6C40003B7BB /* Gamepedia */ = {
			isa = PBXNativeTarget;
			buildConfigurationList = 08ABFE2E2BFBA6C60003B7BB /* Build configuration list for PBXNativeTarget "Gamepedia" */;
			buildPhases = (
				08ABFDFD2BFBA6C40003B7BB /* Sources */,
				08ABFDFE2BFBA6C40003B7BB /* Frameworks */,
				08ABFDFF2BFBA6C40003B7BB /* Resources */,
			);
			buildRules = (
			);
			dependencies = (
			);
			name = Gamepedia;
			productName = Gamepedia;
			productReference = 08ABFE012BFBA6C40003B7BB /* Gamepedia.app */;
			productType = "com.apple.product-type.application";
		};
		08ABFE192BFBA6C60003B7BB /* GamepediaTests */ = {
			isa = PBXNativeTarget;
			buildConfigurationList = 08ABFE312BFBA6C60003B7BB /* Build configuration list for PBXNativeTarget "GamepediaTests" */;
			buildPhases = (
				08ABFE162BFBA6C60003B7BB /* Sources */,
				08ABFE172BFBA6C60003B7BB /* Frameworks */,
				08ABFE182BFBA6C60003B7BB /* Resources */,
			);
			buildRules = (
			);
			dependencies = (
				08ABFE1C2BFBA6C60003B7BB /* PBXTargetDependency */,
			);
			name = GamepediaTests;
			productName = GamepediaTests;
			productReference = 08ABFE1A2BFBA6C60003B7BB /* GamepediaTests.xctest */;
			productType = "com.apple.product-type.bundle.unit-test";
		};
		08ABFE232BFBA6C60003B7BB /* GamepediaUITests */ = {
			isa = PBXNativeTarget;
			buildConfigurationList = 08ABFE342BFBA6C60003B7BB /* Build configuration list for PBXNativeTarget "GamepediaUITests" */;
			buildPhases = (
				08ABFE202BFBA6C60003B7BB /* Sources */,
				08ABFE212BFBA6C60003B7BB /* Frameworks */,
				08ABFE222BFBA6C60003B7BB /* Resources */,
			);
			buildRules = (
			);
			dependencies = (
				08ABFE262BFBA6C60003B7BB /* PBXTargetDependency */,
			);
			name = GamepediaUITests;
			productName = GamepediaUITests;
			productReference = 08ABFE242BFBA6C60003B7BB /* GamepediaUITests.xctest */;
			productType = "com.apple.product-type.bundle.ui-testing";
		};
/* End PBXNativeTarget section */

/* Begin PBXProject section */
		08ABFDF92BFBA6C40003B7BB /* Project object */ = {
			isa = PBXProject;
			attributes = {
				BuildIndependentTargetsInParallel = 1;
				LastSwiftUpdateCheck = 1520;
				LastUpgradeCheck = 1520;
				TargetAttributes = {
					08ABFE002BFBA6C40003B7BB = {
						CreatedOnToolsVersion = 15.2;
					};
					08ABFE192BFBA6C60003B7BB = {
						CreatedOnToolsVersion = 15.2;
						TestTargetID = 08ABFE002BFBA6C40003B7BB;
					};
					08ABFE232BFBA6C60003B7BB = {
						CreatedOnToolsVersion = 15.2;
						TestTargetID = 08ABFE002BFBA6C40003B7BB;
					};
				};
			};
			buildConfigurationList = 08ABFDFC2BFBA6C40003B7BB /* Build configuration list for PBXProject "Gamepedia" */;
			compatibilityVersion = "Xcode 14.0";
			developmentRegion = en;
			hasScannedForEncodings = 0;
			knownRegions = (
				en,
				Base,
			);
			mainGroup = 08ABFDF82BFBA6C40003B7BB;
			productRefGroup = 08ABFE022BFBA6C40003B7BB /* Products */;
			projectDirPath = "";
			projectRoot = "";
			targets = (
				08ABFE002BFBA6C40003B7BB /* Gamepedia */,
				08ABFE192BFBA6C60003B7BB /* GamepediaTests */,
				08ABFE232BFBA6C60003B7BB /* GamepediaUITests */,
			);
		};
/* End PBXProject section */

/* Begin PBXResourcesBuildPhase section */
		08ABFDFF2BFBA6C40003B7BB /* Resources */ = {
			isa = PBXResourcesBuildPhase;
			buildActionMask = 2147483647;
			files = (
				08ABFE142BFBA6C60003B7BB /* LaunchScreen.storyboard in Resources */,
				08ABFE112BFBA6C60003B7BB /* Assets.xcassets in Resources */,
				08ABFE0C2BFBA6C40003B7BB /* Main.storyboard in Resources */,
			);
			runOnlyForDeploymentPostprocessing = 0;
		};
		08ABFE182BFBA6C60003B7BB /* Resources */ = {
			isa = PBXResourcesBuildPhase;
			buildActionMask = 2147483647;
			files = (
			);
			runOnlyForDeploymentPostprocessing = 0;
		};
		08ABFE222BFBA6C60003B7BB /* Resources */ = {
			isa = PBXResourcesBuildPhase;
			buildActionMask = 2147483647;
			files = (
			);
			runOnlyForDeploymentPostprocessing = 0;
		};
/* End PBXResourcesBuildPhase section */

/* Begin PBXSourcesBuildPhase section */
		08ABFDFD2BFBA6C40003B7BB /* Sources */ = {
			isa = PBXSourcesBuildPhase;
			buildActionMask = 2147483647;
			files = (
				08ABFE092BFBA6C40003B7BB /* ViewController.swift in Sources */,
				08ABFE052BFBA6C40003B7BB /* AppDelegate.swift in Sources */,
				08ABFE072BFBA6C40003B7BB /* SceneDelegate.swift in Sources */,
				08ABFE0F2BFBA6C40003B7BB /* Gamepedia.xcdatamodeld in Sources */,
			);
			runOnlyForDeploymentPostprocessing = 0;
		};
		08ABFE162BFBA6C60003B7BB /* Sources */ = {
			isa = PBXSourcesBuildPhase;
			buildActionMask = 2147483647;
			files = (
				08ABFE1F2BFBA6C60003B7BB /* GamepediaTests.swift in Sources */,
			);
			runOnlyForDeploymentPostprocessing = 0;
		};
		08ABFE202BFBA6C60003B7BB /* Sources */ = {
			isa = PBXSourcesBuildPhase;
			buildActionMask = 2147483647;
			files = (
				08ABFE2B2BFBA6C60003B7BB /* GamepediaUITestsLaunchTests.swift in Sources */,
				08ABFE292BFBA6C60003B7BB /* GamepediaUITests.swift in Sources */,
			);
			runOnlyForDeploymentPostprocessing = 0;
		};
/* End PBXSourcesBuildPhase section */

/* Begin PBXTargetDependency section */
		08ABFE1C2BFBA6C60003B7BB /* PBXTargetDependency */ = {
			isa = PBXTargetDependency;
			target = 08ABFE002BFBA6C40003B7BB /* Gamepedia */;
			targetProxy = 08ABFE1B2BFBA6C60003B7BB /* PBXContainerItemProxy */;
		};
		08ABFE262BFBA6C60003B7BB /* PBXTargetDependency */ = {
			isa = PBXTargetDependency;
			target = 08ABFE002BFBA6C40003B7BB /* Gamepedia */;
			targetProxy = 08ABFE252BFBA6C60003B7BB /* PBXContainerItemProxy */;
		};
/* End PBXTargetDependency section */

/* Begin PBXVariantGroup section */
		08ABFE0A2BFBA6C40003B7BB /* Main.storyboard */ = {
			isa = PBXVariantGroup;
			children = (
				08ABFE0B2BFBA6C40003B7BB /* Base */,
			);
			name = Main.storyboard;
			sourceTree = "<group>";
		};
		08ABFE122BFBA6C60003B7BB /* LaunchScreen.storyboard */ = {
			isa = PBXVariantGroup;
			children = (
				08ABFE132BFBA6C60003B7BB /* Base */,
			);
			name = LaunchScreen.storyboard;
			sourceTree = "<group>";
		};
/* End PBXVariantGroup section */

/* Begin XCBuildConfiguration section */
		08ABFE2C2BFBA6C60003B7BB /* Debug */ = {
			isa = XCBuildConfiguration;
			buildSettings = {
				ALWAYS_SEARCH_USER_PATHS = NO;
				ASSETCATALOG_COMPILER_GENERATE_SWIFT_ASSET_SYMBOL_EXTENSIONS = YES;
				CLANG_ANALYZER_NONNULL = YES;
				CLANG_ANALYZER_NUMBER_OBJECT_CONVERSION = YES_AGGRESSIVE;
				CLANG_CXX_LANGUAGE_STANDARD = "gnu++20";
				CLANG_ENABLE_MODULES = YES;
				CLANG_ENABLE_OBJC_ARC = YES;
				CLANG_ENABLE_OBJC_WEAK = YES;
				CLANG_WARN_BLOCK_CAPTURE_AUTORELEASING = YES;
				CLANG_WARN_BOOL_CONVERSION = YES;
				CLANG_WARN_COMMA = YES;
				CLANG_WARN_CONSTANT_CONVERSION = YES;
				CLANG_WARN_DEPRECATED_OBJC_IMPLEMENTATIONS = YES;
				CLANG_WARN_DIRECT_OBJC_ISA_USAGE = YES_ERROR;
				CLANG_WARN_DOCUMENTATION_COMMENTS = YES;
				CLANG_WARN_EMPTY_BODY = YES;
				CLANG_WARN_ENUM_CONVERSION = YES;
				CLANG_WARN_INFINITE_RECURSION = YES;
				CLANG_WARN_INT_CONVERSION = YES;
				CLANG_WARN_NON_LITERAL_NULL_CONVERSION = YES;
				CLANG_WARN_OBJC_IMPLICIT_RETAIN_SELF = YES;
				CLANG_WARN_OBJC_LITERAL_CONVERSION = YES;
				CLANG_WARN_OBJC_ROOT_CLASS = YES_ERROR;
				CLANG_WARN_QUOTED_INCLUDE_IN_FRAMEWORK_HEADER = YES;
				CLANG_WARN_RANGE_LOOP_ANALYSIS = YES;
				CLANG_WARN_STRICT_PROTOTYPES = YES;
				CLANG_WARN_SUSPICIOUS_MOVE = YES;
				CLANG_WARN_UNGUARDED_AVAILABILITY = YES_AGGRESSIVE;
				CLANG_WARN_UNREACHABLE_CODE = YES;
				CLANG_WARN__DUPLICATE_METHOD_MATCH = YES;
				COPY_PHASE_STRIP = NO;
				DEBUG_INFORMATION_FORMAT = dwarf;
				ENABLE_STRICT_OBJC_MSGSEND = YES;
				ENABLE_TESTABILITY = YES;
				ENABLE_USER_SCRIPT_SANDBOXING = YES;
				GCC_C_LANGUAGE_STANDARD = gnu17;
				GCC_DYNAMIC_NO_PIC = NO;
				GCC_NO_COMMON_BLOCKS = YES;
				GCC_OPTIMIZATION_LEVEL = 0;
				GCC_PREPROCESSOR_DEFINITIONS = (
					"DEBUG=1",
					"$(inherited)",
				);
				GCC_WARN_64_TO_32_BIT_CONVERSION = YES;
				GCC_WARN_ABOUT_RETURN_TYPE = YES_ERROR;
				GCC_WARN_UNDECLARED_SELECTOR = YES;
				GCC_WARN_UNINITIALIZED_AUTOS = YES_AGGRESSIVE;
				GCC_WARN_UNUSED_FUNCTION = YES;
				GCC_WARN_UNUSED_VARIABLE = YES;
				IPHONEOS_DEPLOYMENT_TARGET = 17.2;
				LOCALIZATION_PREFERS_STRING_CATALOGS = YES;
				MTL_ENABLE_DEBUG_INFO = INCLUDE_SOURCE;
				MTL_FAST_MATH = YES;
				ONLY_ACTIVE_ARCH = YES;
				SDKROOT = iphoneos;
				SWIFT_ACTIVE_COMPILATION_CONDITIONS = "DEBUG $(inherited)";
				SWIFT_OPTIMIZATION_LEVEL = "-Onone";
			};
			name = Debug;
		};
		08ABFE2D2BFBA6C60003B7BB /* Release */ = {
			isa = XCBuildConfiguration;
			buildSettings = {
				ALWAYS_SEARCH_USER_PATHS = NO;
				ASSETCATALOG_COMPILER_GENERATE_SWIFT_ASSET_SYMBOL_EXTENSIONS = YES;
				CLANG_ANALYZER_NONNULL = YES;
				CLANG_ANALYZER_NUMBER_OBJECT_CONVERSION = YES_AGGRESSIVE;
				CLANG_CXX_LANGUAGE_STANDARD = "gnu++20";
				CLANG_ENABLE_MODULES = YES;
				CLANG_ENABLE_OBJC_ARC = YES;
				CLANG_ENABLE_OBJC_WEAK = YES;
				CLANG_WARN_BLOCK_CAPTURE_AUTORELEASING = YES;
				CLANG_WARN_BOOL_CONVERSION = YES;
				CLANG_WARN_COMMA = YES;
				CLANG_WARN_CONSTANT_CONVERSION = YES;
				CLANG_WARN_DEPRECATED_OBJC_IMPLEMENTATIONS = YES;
				CLANG_WARN_DIRECT_OBJC_ISA_USAGE = YES_ERROR;
				CLANG_WARN_DOCUMENTATION_COMMENTS = YES;
				CLANG_WARN_EMPTY_BODY = YES;
				CLANG_WARN_ENUM_CONVERSION = YES;
				CLANG_WARN_INFINITE_RECURSION = YES;
				CLANG_WARN_INT_CONVERSION = YES;
				CLANG_WARN_NON_LITERAL_NULL_CONVERSION = YES;
				CLANG_WARN_OBJC_IMPLICIT_RETAIN_SELF = YES;
				CLANG_WARN_OBJC_LITERAL_CONVERSION = YES;
				CLANG_WARN_OBJC_ROOT_CLASS = YES_ERROR;
				CLANG_WARN_QUOTED_INCLUDE_IN_FRAMEWORK_HEADER = YES;
				CLANG_WARN_RANGE_LOOP_ANALYSIS = YES;
				CLANG_WARN_STRICT_PROTOTYPES = YES;
				CLANG_WARN_SUSPICIOUS_MOVE = YES;
				CLANG_WARN_UNGUARDED_AVAILABILITY = YES_AGGRESSIVE;
				CLANG_WARN_UNREACHABLE_CODE = YES;
				CLANG_WARN__DUPLICATE_METHOD_MATCH = YES;
				COPY_PHASE_STRIP = NO;
				DEBUG_INFORMATION_FORMAT = "dwarf-with-dsym";
				ENABLE_NS_ASSERTIONS = NO;
				ENABLE_STRICT_OBJC_MSGSEND = YES;
				ENABLE_USER_SCRIPT_SANDBOXING = YES;
				GCC_C_LANGUAGE_STANDARD = gnu17;
				GCC_NO_COMMON_BLOCKS = YES;
				GCC_WARN_64_TO_32_BIT_CONVERSION = YES;
				GCC_WARN_ABOUT_RETURN_TYPE = YES_ERROR;
				GCC_WARN_UNDECLARED_SELECTOR = YES;
				GCC_WARN_UNINITIALIZED_AUTOS = YES_AGGRESSIVE;
				GCC_WARN_UNUSED_FUNCTION = YES;
				GCC_WARN_UNUSED_VARIABLE = YES;
				IPHONEOS_DEPLOYMENT_TARGET = 17.2;
				LOCALIZATION_PREFERS_STRING_CATALOGS = YES;
				MTL_ENABLE_DEBUG_INFO = NO;
				MTL_FAST_MATH = YES;
				SDKROOT = iphoneos;
				SWIFT_COMPILATION_MODE = wholemodule;
				VALIDATE_PRODUCT = YES;
			};
			name = Release;
		};
		08ABFE2F2BFBA6C60003B7BB /* Debug */ = {
			isa = XCBuildConfiguration;
			buildSettings = {
				ASSETCATALOG_COMPILER_APPICON_NAME = AppIcon;
				ASSETCATALOG_COMPILER_GLOBAL_ACCENT_COLOR_NAME = AccentColor;
				CODE_SIGN_STYLE = Automatic;
				CURRENT_PROJECT_VERSION = 1;
				DEVELOPMENT_TEAM = 794WKWM2LJ;
				GENERATE_INFOPLIST_FILE = YES;
				INFOPLIST_FILE = Gamepedia/Info.plist;
				INFOPLIST_KEY_UIApplicationSupportsIndirectInputEvents = YES;
				INFOPLIST_KEY_UILaunchStoryboardName = LaunchScreen;
				INFOPLIST_KEY_UIMainStoryboardFile = Main;
				INFOPLIST_KEY_UISupportedInterfaceOrientations_iPad = "UIInterfaceOrientationPortrait UIInterfaceOrientationPortraitUpsideDown UIInterfaceOrientationLandscapeLeft UIInterfaceOrientationLandscapeRight";
				INFOPLIST_KEY_UISupportedInterfaceOrientations_iPhone = "UIInterfaceOrientationPortrait UIInterfaceOrientationLandscapeLeft UIInterfaceOrientationLandscapeRight";
				IPHONEOS_DEPLOYMENT_TARGET = 15.0;
				LD_RUNPATH_SEARCH_PATHS = (
					"$(inherited)",
					"@executable_path/Frameworks",
				);
				MARKETING_VERSION = 1.0;
				PRODUCT_BUNDLE_IDENTIFIER = com.agahberkinguler.Gamepedia;
				PRODUCT_NAME = "$(TARGET_NAME)";
				SWIFT_EMIT_LOC_STRINGS = YES;
				SWIFT_VERSION = 5.0;
				TARGETED_DEVICE_FAMILY = "1,2";
			};
			name = Debug;
		};
		08ABFE302BFBA6C60003B7BB /* Release */ = {
			isa = XCBuildConfiguration;
			buildSettings = {
				ASSETCATALOG_COMPILER_APPICON_NAME = AppIcon;
				ASSETCATALOG_COMPILER_GLOBAL_ACCENT_COLOR_NAME = AccentColor;
				CODE_SIGN_STYLE = Automatic;
				CURRENT_PROJECT_VERSION = 1;
				DEVELOPMENT_TEAM = 794WKWM2LJ;
				GENERATE_INFOPLIST_FILE = YES;
				INFOPLIST_FILE = Gamepedia/Info.plist;
				INFOPLIST_KEY_UIApplicationSupportsIndirectInputEvents = YES;
				INFOPLIST_KEY_UILaunchStoryboardName = LaunchScreen;
				INFOPLIST_KEY_UIMainStoryboardFile = Main;
				INFOPLIST_KEY_UISupportedInterfaceOrientations_iPad = "UIInterfaceOrientationPortrait UIInterfaceOrientationPortraitUpsideDown UIInterfaceOrientationLandscapeLeft UIInterfaceOrientationLandscapeRight";
				INFOPLIST_KEY_UISupportedInterfaceOrientations_iPhone = "UIInterfaceOrientationPortrait UIInterfaceOrientationLandscapeLeft UIInterfaceOrientationLandscapeRight";
				IPHONEOS_DEPLOYMENT_TARGET = 15.0;
				LD_RUNPATH_SEARCH_PATHS = (
					"$(inherited)",
					"@executable_path/Frameworks",
				);
				MARKETING_VERSION = 1.0;
				PRODUCT_BUNDLE_IDENTIFIER = com.agahberkinguler.Gamepedia;
				PRODUCT_NAME = "$(TARGET_NAME)";
				SWIFT_EMIT_LOC_STRINGS = YES;
				SWIFT_VERSION = 5.0;
				TARGETED_DEVICE_FAMILY = "1,2";
			};
			name = Release;
		};
		08ABFE322BFBA6C60003B7BB /* Debug */ = {
			isa = XCBuildConfiguration;
			buildSettings = {
				ALWAYS_EMBED_SWIFT_STANDARD_LIBRARIES = YES;
				BUNDLE_LOADER = "$(TEST_HOST)";
				CODE_SIGN_STYLE = Automatic;
				CURRENT_PROJECT_VERSION = 1;
				DEVELOPMENT_TEAM = 794WKWM2LJ;
				GENERATE_INFOPLIST_FILE = YES;
				IPHONEOS_DEPLOYMENT_TARGET = 17.2;
				MARKETING_VERSION = 1.0;
				PRODUCT_BUNDLE_IDENTIFIER = com.agahberkinguler.GamepediaTests;
				PRODUCT_NAME = "$(TARGET_NAME)";
				SWIFT_EMIT_LOC_STRINGS = NO;
				SWIFT_VERSION = 5.0;
				TARGETED_DEVICE_FAMILY = "1,2";
				TEST_HOST = "$(BUILT_PRODUCTS_DIR)/Gamepedia.app/$(BUNDLE_EXECUTABLE_FOLDER_PATH)/Gamepedia";
			};
			name = Debug;
		};
		08ABFE332BFBA6C60003B7BB /* Release */ = {
			isa = XCBuildConfiguration;
			buildSettings = {
				ALWAYS_EMBED_SWIFT_STANDARD_LIBRARIES = YES;
				BUNDLE_LOADER = "$(TEST_HOST)";
				CODE_SIGN_STYLE = Automatic;
				CURRENT_PROJECT_VERSION = 1;
				DEVELOPMENT_TEAM = 794WKWM2LJ;
				GENERATE_INFOPLIST_FILE = YES;
				IPHONEOS_DEPLOYMENT_TARGET = 17.2;
				MARKETING_VERSION = 1.0;
				PRODUCT_BUNDLE_IDENTIFIER = com.agahberkinguler.GamepediaTests;
				PRODUCT_NAME = "$(TARGET_NAME)";
				SWIFT_EMIT_LOC_STRINGS = NO;
				SWIFT_VERSION = 5.0;
				TARGETED_DEVICE_FAMILY = "1,2";
				TEST_HOST = "$(BUILT_PRODUCTS_DIR)/Gamepedia.app/$(BUNDLE_EXECUTABLE_FOLDER_PATH)/Gamepedia";
			};
			name = Release;
		};
		08ABFE352BFBA6C60003B7BB /* Debug */ = {
			isa = XCBuildConfiguration;
			buildSettings = {
				ALWAYS_EMBED_SWIFT_STANDARD_LIBRARIES = YES;
				CODE_SIGN_STYLE = Automatic;
				CURRENT_PROJECT_VERSION = 1;
				DEVELOPMENT_TEAM = 794WKWM2LJ;
				GENERATE_INFOPLIST_FILE = YES;
				MARKETING_VERSION = 1.0;
				PRODUCT_BUNDLE_IDENTIFIER = com.agahberkinguler.GamepediaUITests;
				PRODUCT_NAME = "$(TARGET_NAME)";
				SWIFT_EMIT_LOC_STRINGS = NO;
				SWIFT_VERSION = 5.0;
				TARGETED_DEVICE_FAMILY = "1,2";
				TEST_TARGET_NAME = Gamepedia;
			};
			name = Debug;
		};
		08ABFE362BFBA6C60003B7BB /* Release */ = {
			isa = XCBuildConfiguration;
			buildSettings = {
				ALWAYS_EMBED_SWIFT_STANDARD_LIBRARIES = YES;
				CODE_SIGN_STYLE = Automatic;
				CURRENT_PROJECT_VERSION = 1;
				DEVELOPMENT_TEAM = 794WKWM2LJ;
				GENERATE_INFOPLIST_FILE = YES;
				MARKETING_VERSION = 1.0;
				PRODUCT_BUNDLE_IDENTIFIER = com.agahberkinguler.GamepediaUITests;
				PRODUCT_NAME = "$(TARGET_NAME)";
				SWIFT_EMIT_LOC_STRINGS = NO;
				SWIFT_VERSION = 5.0;
				TARGETED_DEVICE_FAMILY = "1,2";
				TEST_TARGET_NAME = Gamepedia;
			};
			name = Release;
		};
/* End XCBuildConfiguration section */

/* Begin XCConfigurationList section */
		08ABFDFC2BFBA6C40003B7BB /* Build configuration list for PBXProject "Gamepedia" */ = {
			isa = XCConfigurationList;
			buildConfigurations = (
				08ABFE2C2BFBA6C60003B7BB /* Debug */,
				08ABFE2D2BFBA6C60003B7BB /* Release */,
			);
			defaultConfigurationIsVisible = 0;
			defaultConfigurationName = Release;
		};
		08ABFE2E2BFBA6C60003B7BB /* Build configuration list for PBXNativeTarget "Gamepedia" */ = {
			isa = XCConfigurationList;
			buildConfigurations = (
				08ABFE2F2BFBA6C60003B7BB /* Debug */,
				08ABFE302BFBA6C60003B7BB /* Release */,
			);
			defaultConfigurationIsVisible = 0;
			defaultConfigurationName = Release;
		};
		08ABFE312BFBA6C60003B7BB /* Build configuration list for PBXNativeTarget "GamepediaTests" */ = {
			isa = XCConfigurationList;
			buildConfigurations = (
				08ABFE322BFBA6C60003B7BB /* Debug */,
				08ABFE332BFBA6C60003B7BB /* Release */,
			);
			defaultConfigurationIsVisible = 0;
			defaultConfigurationName = Release;
		};
		08ABFE342BFBA6C60003B7BB /* Build configuration list for PBXNativeTarget "GamepediaUITests" */ = {
			isa = XCConfigurationList;
			buildConfigurations = (
				08ABFE352BFBA6C60003B7BB /* Debug */,
				08ABFE362BFBA6C60003B7BB /* Release */,
			);
			defaultConfigurationIsVisible = 0;
			defaultConfigurationName = Release;
		};
/* End XCConfigurationList section */

/* Begin XCVersionGroup section */
		08ABFE0D2BFBA6C40003B7BB /* Gamepedia.xcdatamodeld */ = {
			isa = XCVersionGroup;
			children = (
				08ABFE0E2BFBA6C40003B7BB /* Gamepedia.xcdatamodel */,
			);
			currentVersion = 08ABFE0E2BFBA6C40003B7BB /* Gamepedia.xcdatamodel */;
			path = Gamepedia.xcdatamodeld;
			sourceTree = "<group>";
			versionGroupType = wrapper.xcdatamodel;
		};
/* End XCVersionGroup section */
	};
	rootObject = 08ABFDF92BFBA6C40003B7BB /* Project object */;
}
